
Microsoft Visual Studio Solution File, Format Version 12.00
# Visual Studio 15
VisualStudioVersion = 15.0.28010.2050
MinimumVisualStudioVersion = 10.0.40219.1
Project("{FAE04EC0-301F-11D3-BF4B-00C04F79EFBC}") = "AtiUnamba", "AtiUnamba\AtiUnamba.csproj", "{C70448D1-2B8C-443F-8D4D-47FBAB75E59F}"
EndProject
Global
	GlobalSection(SolutionConfigurationPlatforms) = preSolution
		Debug|Any CPU = Debug|Any CPU
		Release|Any CPU = Release|Any CPU
	EndGlobalSection
	GlobalSection(ProjectConfigurationPlatforms) = postSolution
		{C70448D1-2B8C-443F-8D4D-47FBAB75E59F}.Debug|Any CPU.ActiveCfg = Debug|Any CPU
		{C70448D1-2B8C-443F-8D4D-47FBAB75E59F}.Debug|Any CPU.Build.0 = Debug|Any CPU
		{C70448D1-2B8C-443F-8D4D-47FBAB75E59F}.Release|Any CPU.ActiveCfg = Release|Any CPU
		{C70448D1-2B8C-443F-8D4D-47FBAB75E59F}.Release|Any CPU.Build.0 = Release|Any CPU
	EndGlobalSection
	GlobalSection(SolutionProperties) = preSolution
		HideSolutionNode = FALSE
	EndGlobalSection
	GlobalSection(ExtensibilityGlobals) = postSolution
		SolutionGuid = {D6C33C5A-B830-45F5-8B29-E4344D9C7751}
	EndGlobalSection
EndGlobal
